
Microsoft Visual Studio Solution File, Format Version 12.00
# Visual Studio Version 17
VisualStudioVersion = 17.9.34728.123
MinimumVisualStudioVersion = 10.0.40219.1
Project("{FAE04EC0-301F-11D3-BF4B-00C04F79EFBC}") = "QuanLyCuaHangMayTinh", "QuanLyCuaHangMayTinh\QuanLyCuaHangMayTinh.csproj", "{527BE34D-3B2C-4151-A3A3-7E30BC83CE74}"
EndProject
Global
	GlobalSection(SolutionConfigurationPlatforms) = preSolution
		Debug|Any CPU = Debug|Any CPU
		Release|Any CPU = Release|Any CPU
	EndGlobalSection
	GlobalSection(ProjectConfigurationPlatforms) = postSolution
		{527BE34D-3B2C-4151-A3A3-7E30BC83CE74}.Debug|Any CPU.ActiveCfg = Debug|Any CPU
		{527BE34D-3B2C-4151-A3A3-7E30BC83CE74}.Debug|Any CPU.Build.0 = Debug|Any CPU
		{527BE34D-3B2C-4151-A3A3-7E30BC83CE74}.Release|Any CPU.ActiveCfg = Release|Any CPU
		{527BE34D-3B2C-4151-A3A3-7E30BC83CE74}.Release|Any CPU.Build.0 = Release|Any CPU
	EndGlobalSection
	GlobalSection(SolutionProperties) = preSolution
		HideSolutionNode = FALSE
	EndGlobalSection
	GlobalSection(ExtensibilityGlobals) = postSolution
		SolutionGuid = {E178AA23-6FEE-43ED-AD36-A662ACC48A8F}
	EndGlobalSection
EndGlobal
